
Microsoft Visual Studio Solution File, Format Version 12.00
# Visual Studio Version 17
VisualStudioVersion = 17.0.32112.339
MinimumVisualStudioVersion = 10.0.40219.1
Project("{FAE04EC0-301F-11D3-BF4B-00C04F79EFBC}") = "ArduinoApp", "ArduinoApp\ArduinoApp.csproj", "{87980D62-A94F-4140-9AD6-B21C3424D0BA}"
EndProject
Global
	GlobalSection(SolutionConfigurationPlatforms) = preSolution
		Debug|Any CPU = Debug|Any CPU
		Release|Any CPU = Release|Any CPU
	EndGlobalSection
	GlobalSection(ProjectConfigurationPlatforms) = postSolution
		{87980D62-A94F-4140-9AD6-B21C3424D0BA}.Debug|Any CPU.ActiveCfg = Debug|Any CPU
		{87980D62-A94F-4140-9AD6-B21C3424D0BA}.Debug|Any CPU.Build.0 = Debug|Any CPU
		{87980D62-A94F-4140-9AD6-B21C3424D0BA}.Release|Any CPU.ActiveCfg = Release|Any CPU
		{87980D62-A94F-4140-9AD6-B21C3424D0BA}.Release|Any CPU.Build.0 = Release|Any CPU
	EndGlobalSection
	GlobalSection(SolutionProperties) = preSolution
		HideSolutionNode = FALSE
	EndGlobalSection
	GlobalSection(ExtensibilityGlobals) = postSolution
		SolutionGuid = {EF98C4E6-59AC-4A93-A39B-7ADD0E9A57AE}
	EndGlobalSection
EndGlobal
